<?xml version="1.0" encoding="utf-8"?>
<Project ToolsVersion="4.0" xmlns="http://schemas.microsoft.com/developer/msbuild/2003">
  <ItemGroup>
    <Filter Include="소스 파일">
      <UniqueIdentifier>{4FC737F1-C7A5-4376-A066-2A32D752A2FF}</UniqueIdentifier>
      <Extensions>cpp;c;cc;cxx;c++;cppm;ixx;def;odl;idl;hpj;bat;asm;asmx</Extensions>
    </Filter>
    <Filter Include="헤더 파일">
      <UniqueIdentifier>{93995380-89BD-4b04-88EB-625FBE52EBFB}</UniqueIdentifier>
      <Extensions>h;hh;hpp;hxx;h++;hm;inl;inc;ipp;xsd</Extensions>
    </Filter>
    <Filter Include="리소스 파일">
      <UniqueIdentifier>{67DA6AB6-F800-4c08-8B7A-83BB121AAD01}</UniqueIdentifier>
      <Extensions>rc;ico;cur;bmp;dlg;rc2;rct;bin;rgs;gif;jpg;jpeg;jpe;resx;tiff;tif;png;wav;mfcribbon-ms</Extensions>
    </Filter>
    <Filter Include="소스 파일\StartCA">
      <UniqueIdentifier>{cb9ec5f0-322e-41ed-baff-334fbbced8df}</UniqueIdentifier>
    </Filter>
    <Filter Include="소스 파일\Data">
      <UniqueIdentifier>{de04eae3-654b-437b-892a-908ae1a04b7b}</UniqueIdentifier>
    </Filter>
    <Filter Include="소스 파일\Command">
      <UniqueIdentifier>{80ebb5d8-dfcb-4dbf-b704-c394a133b4b8}</UniqueIdentifier>
    </Filter>
    <Filter Include="소스 파일\How CPUs Work">
      <UniqueIdentifier>{cb91b16d-6fac-4188-bfc3-0fe431bfae41}</UniqueIdentifier>
    </Filter>
    <Filter Include="소스 파일\CPU Performance Improvement Techniques">
      <UniqueIdentifier>{ab179b2e-270f-4d0d-8685-a6b53890582a}</UniqueIdentifier>
    </Filter>
    <Filter Include="소스 파일\Memory And Cache Memory">
      <UniqueIdentifier>{4e990a2a-7b72-40d1-83f5-55f8b1353f14}</UniqueIdentifier>
    </Filter>
    <Filter Include="소스 파일\Auxiliary Memory">
      <UniqueIdentifier>{027b3040-ac28-4976-ae31-b23a33ae3166}</UniqueIdentifier>
    </Filter>
  </ItemGroup>
  <ItemGroup>
    <ClCompile Include="WhyNeedToKnow computerCA.cpp">
      <Filter>소스 파일\StartCA</Filter>
    </ClCompile>
    <ClCompile Include="CA.cpp">
      <Filter>소스 파일\StartCA</Filter>
    </ClCompile>
    <ClCompile Include="HowToRepresentNumbersWith0And1.cpp">
      <Filter>소스 파일\Data</Filter>
    </ClCompile>
    <ClCompile Include="HowToRepresentCharactersWith0And1.cpp">
      <Filter>소스 파일\Data</Filter>
    </ClCompile>
    <ClCompile Include="SourceCodeAndCommand.cpp">
      <Filter>소스 파일\Command</Filter>
    </ClCompile>
    <ClCompile Include="CommandStructure.cpp">
      <Filter>소스 파일\Command</Filter>
    </ClCompile>
    <ClCompile Include="ALUAndControlUnit.cpp">
      <Filter>소스 파일\How CPUs Work</Filter>
    </ClCompile>
    <ClCompile Include="Register.cpp">
      <Filter>소스 파일\How CPUs Work</Filter>
    </ClCompile>
    <ClCompile Include="InstructionCyclesAndInterrupts.cpp">
      <Filter>소스 파일\How CPUs Work</Filter>
    </ClCompile>
    <ClCompile Include="DesignTechniquesForFastCPUs.cpp">
      <Filter>소스 파일\CPU Performance Improvement Techniques</Filter>
    </ClCompile>
    <ClCompile Include="InstructionParallelProcessingTechnique.cpp">
      <Filter>소스 파일\CPU Performance Improvement Techniques</Filter>
    </ClCompile>
    <ClCompile Include="CISCAndRISC.cpp">
      <Filter>소스 파일\CPU Performance Improvement Techniques</Filter>
    </ClCompile>
    <ClCompile Include="FeaturesAndTypesOfRAM.cpp">
      <Filter>소스 파일\Memory And Cache Memory</Filter>
    </ClCompile>
    <ClCompile Include="AddressSpaceInMemory.cpp">
      <Filter>소스 파일\Memory And Cache Memory</Filter>
    </ClCompile>
    <ClCompile Include="CacheMemory.cpp">
      <Filter>소스 파일\Memory And Cache Memory</Filter>
    </ClCompile>
    <ClCompile Include="VariousAuxiliaryMemory.cpp">
      <Filter>소스 파일\Auxiliary Memory</Filter>
    </ClCompile>
    <ClCompile Include="DefinitionAndTypesOfRAID.cpp">
      <Filter>소스 파일\Auxiliary Memory</Filter>
    </ClCompile>
  </ItemGroup>
</Project>